{
	"requires": true,
	"lockfileVersion": 1,
	"dependencies": {
		"autolinker": {
			"version": "file:autolinker.tar.gz",
			"integrity": "sha512-TTJzSbvVtuxSFNya6lEj6MPiQI6GTBcTIh7TT0WIMi/B8oq36bJ9WYhyj0yiB9kPsCYyokA37iEocKG1PKrnRA==",
			"requires": {
				"tslib": "^1.9.3"
			}
		},
		"tslib": {
			"version": "1.10.0",
			"resolved": "https://registry.npmjs.org/tslib/-/tslib-1.10.0.tgz",
			"integrity": "sha512-qOebF53frne81cf0S9B41ByenJ3/IuH8yJKngAX35CmiZySA0khhkovshKK+jGCaMnVomla7gVlIcc3EvKPbTQ=="
		}
	}
}
